
Microsoft Visual Studio Solution File, Format Version 12.00
# Visual Studio Version 16
VisualStudioVersion = 16.0.28729.10
MinimumVisualStudioVersion = 10.0.40219.1
Project("{9A19103F-16F7-4668-BE54-9A1E7A4F7556}") = "LibDemocraV", "LibDemocraV\LibDemocraV.csproj", "{DC5C3A9E-E24D-46BD-A045-E4436A43AB6E}"
EndProject
Project("{9A19103F-16F7-4668-BE54-9A1E7A4F7556}") = "UnitTests", "UnitTests\UnitTests.csproj", "{1BD9E0AC-0BCD-4A30-8678-B0F96BEB1649}"
EndProject
Project("{9A19103F-16F7-4668-BE54-9A1E7A4F7556}") = "TidemansAlternativeTabulator", "Tabulators\TidemansAlternativeTabulator\TidemansAlternativeTabulator.csproj", "{A78FB21F-93D1-400E-B25D-A43FEA666852}"
EndProject
Project("{9A19103F-16F7-4668-BE54-9A1E7A4F7556}") = "InstantRunoffVotingTabulator", "Tabulators\InstantRunoffVotingTabulator\InstantRunoffVotingTabulator.csproj", "{7543818F-048C-4D7C-B7AD-1C8FD35A94E5}"
EndProject
Project("{2150E333-8FDC-42A3-9474-1A3956D46DE8}") = "Solution Items", "Solution Items", "{65B2C6BB-7613-4D07-AC30-60A939FFF306}"
	ProjectSection(SolutionItems) = preProject
		LICENSE.md = LICENSE.md
	EndProjectSection
EndProject
Project("{9A19103F-16F7-4668-BE54-9A1E7A4F7556}") = "MeekSTVTabulator", "Tabulators\MeekSTVTabulator\MeekSTVTabulator.csproj", "{C0B6D922-01AC-4CF3-9E75-0343EE16C2D2}"
EndProject
Project("{9A19103F-16F7-4668-BE54-9A1E7A4F7556}") = "RankedChoiceVoting", "Extensions\RankedChoiceVoting\RankedChoiceVoting.csproj", "{6D63A3DB-B19E-4655-AA7E-2A8C30A072EB}"
EndProject
Project("{2150E333-8FDC-42A3-9474-1A3956D46DE8}") = "Tabulators", "Tabulators", "{59FF135E-FC21-4E90-9CA8-1244DC45862C}"
EndProject
Project("{2150E333-8FDC-42A3-9474-1A3956D46DE8}") = "Extensions", "Extensions", "{DF93480A-F69C-4B64-AED4-AA5BD21FB401}"
EndProject
Project("{2150E333-8FDC-42A3-9474-1A3956D46DE8}") = "Tiebreakers", "Tiebreakers", "{40C998C1-413A-480D-A02E-F7136F0A4F89}"
EndProject
Project("{9A19103F-16F7-4668-BE54-9A1E7A4F7556}") = "FirstDifference", "Extensions\Tiebreakers\FirstDifference\FirstDifference.csproj", "{3D162569-B5D9-4F36-9BCC-5441A64827F9}"
EndProject
Project("{9A19103F-16F7-4668-BE54-9A1E7A4F7556}") = "SingleTransferableVote", "SingleTransferableVote\SingleTransferableVote.csproj", "{EF2EEA18-FEE9-495A-BB68-E5985EB3E918}"
EndProject
Project("{2150E333-8FDC-42A3-9474-1A3956D46DE8}") = "Storage", "Storage", "{0E71A0CF-C255-4402-90A7-9B8E4F7E01FC}"
EndProject
Project("{9A19103F-16F7-4668-BE54-9A1E7A4F7556}") = "Storage", "Extensions\Storage\StorageBase\Storage.csproj", "{9CDBAD5F-205A-49EB-9362-A9FA14558385}"
EndProject
Project("{9A19103F-16F7-4668-BE54-9A1E7A4F7556}") = "ReadableBallotFormat", "Extensions\Storage\ReadableBallotFormat\ReadableBallotFormat.csproj", "{EB814818-72C5-48A0-A20B-A2460CE432F6}"
EndProject
Project("{9A19103F-16F7-4668-BE54-9A1E7A4F7556}") = "DavidHillFormat", "Extensions\Storage\DavidHillFormat\DavidHillFormat.csproj", "{DE593D41-0B82-4766-A2C9-747C57A9644D}"
EndProject
Project("{FAE04EC0-301F-11D3-BF4B-00C04F79EFBC}") = "DemocraV-Tools", "DemocraV-Tools\DemocraV-Tools.csproj", "{FE522692-E94E-455D-B190-2D3D6DD7FD6C}"
EndProject
Global
	GlobalSection(SolutionConfigurationPlatforms) = preSolution
		Debug|Any CPU = Debug|Any CPU
		Release|Any CPU = Release|Any CPU
	EndGlobalSection
	GlobalSection(ProjectConfigurationPlatforms) = postSolution
		{DC5C3A9E-E24D-46BD-A045-E4436A43AB6E}.Debug|Any CPU.ActiveCfg = Debug|Any CPU
		{DC5C3A9E-E24D-46BD-A045-E4436A43AB6E}.Debug|Any CPU.Build.0 = Debug|Any CPU
		{DC5C3A9E-E24D-46BD-A045-E4436A43AB6E}.Release|Any CPU.ActiveCfg = Release|Any CPU
		{DC5C3A9E-E24D-46BD-A045-E4436A43AB6E}.Release|Any CPU.Build.0 = Release|Any CPU
		{1BD9E0AC-0BCD-4A30-8678-B0F96BEB1649}.Debug|Any CPU.ActiveCfg = Debug|Any CPU
		{1BD9E0AC-0BCD-4A30-8678-B0F96BEB1649}.Debug|Any CPU.Build.0 = Debug|Any CPU
		{1BD9E0AC-0BCD-4A30-8678-B0F96BEB1649}.Release|Any CPU.ActiveCfg = Release|Any CPU
		{1BD9E0AC-0BCD-4A30-8678-B0F96BEB1649}.Release|Any CPU.Build.0 = Release|Any CPU
		{A78FB21F-93D1-400E-B25D-A43FEA666852}.Debug|Any CPU.ActiveCfg = Debug|Any CPU
		{A78FB21F-93D1-400E-B25D-A43FEA666852}.Debug|Any CPU.Build.0 = Debug|Any CPU
		{A78FB21F-93D1-400E-B25D-A43FEA666852}.Release|Any CPU.ActiveCfg = Release|Any CPU
		{A78FB21F-93D1-400E-B25D-A43FEA666852}.Release|Any CPU.Build.0 = Release|Any CPU
		{7543818F-048C-4D7C-B7AD-1C8FD35A94E5}.Debug|Any CPU.ActiveCfg = Debug|Any CPU
		{7543818F-048C-4D7C-B7AD-1C8FD35A94E5}.Debug|Any CPU.Build.0 = Debug|Any CPU
		{7543818F-048C-4D7C-B7AD-1C8FD35A94E5}.Release|Any CPU.ActiveCfg = Release|Any CPU
		{7543818F-048C-4D7C-B7AD-1C8FD35A94E5}.Release|Any CPU.Build.0 = Release|Any CPU
		{C0B6D922-01AC-4CF3-9E75-0343EE16C2D2}.Debug|Any CPU.ActiveCfg = Debug|Any CPU
		{C0B6D922-01AC-4CF3-9E75-0343EE16C2D2}.Debug|Any CPU.Build.0 = Debug|Any CPU
		{C0B6D922-01AC-4CF3-9E75-0343EE16C2D2}.Release|Any CPU.ActiveCfg = Release|Any CPU
		{C0B6D922-01AC-4CF3-9E75-0343EE16C2D2}.Release|Any CPU.Build.0 = Release|Any CPU
		{6D63A3DB-B19E-4655-AA7E-2A8C30A072EB}.Debug|Any CPU.ActiveCfg = Debug|Any CPU
		{6D63A3DB-B19E-4655-AA7E-2A8C30A072EB}.Debug|Any CPU.Build.0 = Debug|Any CPU
		{6D63A3DB-B19E-4655-AA7E-2A8C30A072EB}.Release|Any CPU.ActiveCfg = Release|Any CPU
		{6D63A3DB-B19E-4655-AA7E-2A8C30A072EB}.Release|Any CPU.Build.0 = Release|Any CPU
		{3D162569-B5D9-4F36-9BCC-5441A64827F9}.Debug|Any CPU.ActiveCfg = Debug|Any CPU
		{3D162569-B5D9-4F36-9BCC-5441A64827F9}.Debug|Any CPU.Build.0 = Debug|Any CPU
		{3D162569-B5D9-4F36-9BCC-5441A64827F9}.Release|Any CPU.ActiveCfg = Release|Any CPU
		{3D162569-B5D9-4F36-9BCC-5441A64827F9}.Release|Any CPU.Build.0 = Release|Any CPU
		{EF2EEA18-FEE9-495A-BB68-E5985EB3E918}.Debug|Any CPU.ActiveCfg = Debug|Any CPU
		{EF2EEA18-FEE9-495A-BB68-E5985EB3E918}.Debug|Any CPU.Build.0 = Debug|Any CPU
		{EF2EEA18-FEE9-495A-BB68-E5985EB3E918}.Release|Any CPU.ActiveCfg = Release|Any CPU
		{EF2EEA18-FEE9-495A-BB68-E5985EB3E918}.Release|Any CPU.Build.0 = Release|Any CPU
		{9CDBAD5F-205A-49EB-9362-A9FA14558385}.Debug|Any CPU.ActiveCfg = Debug|Any CPU
		{9CDBAD5F-205A-49EB-9362-A9FA14558385}.Debug|Any CPU.Build.0 = Debug|Any CPU
		{9CDBAD5F-205A-49EB-9362-A9FA14558385}.Release|Any CPU.ActiveCfg = Release|Any CPU
		{9CDBAD5F-205A-49EB-9362-A9FA14558385}.Release|Any CPU.Build.0 = Release|Any CPU
		{EB814818-72C5-48A0-A20B-A2460CE432F6}.Debug|Any CPU.ActiveCfg = Debug|Any CPU
		{EB814818-72C5-48A0-A20B-A2460CE432F6}.Debug|Any CPU.Build.0 = Debug|Any CPU
		{EB814818-72C5-48A0-A20B-A2460CE432F6}.Release|Any CPU.ActiveCfg = Release|Any CPU
		{EB814818-72C5-48A0-A20B-A2460CE432F6}.Release|Any CPU.Build.0 = Release|Any CPU
		{DE593D41-0B82-4766-A2C9-747C57A9644D}.Debug|Any CPU.ActiveCfg = Debug|Any CPU
		{DE593D41-0B82-4766-A2C9-747C57A9644D}.Debug|Any CPU.Build.0 = Debug|Any CPU
		{DE593D41-0B82-4766-A2C9-747C57A9644D}.Release|Any CPU.ActiveCfg = Release|Any CPU
		{DE593D41-0B82-4766-A2C9-747C57A9644D}.Release|Any CPU.Build.0 = Release|Any CPU
		{FE522692-E94E-455D-B190-2D3D6DD7FD6C}.Debug|Any CPU.ActiveCfg = Debug|Any CPU
		{FE522692-E94E-455D-B190-2D3D6DD7FD6C}.Debug|Any CPU.Build.0 = Debug|Any CPU
		{FE522692-E94E-455D-B190-2D3D6DD7FD6C}.Release|Any CPU.ActiveCfg = Release|Any CPU
		{FE522692-E94E-455D-B190-2D3D6DD7FD6C}.Release|Any CPU.Build.0 = Release|Any CPU
	EndGlobalSection
	GlobalSection(SolutionProperties) = preSolution
		HideSolutionNode = FALSE
	EndGlobalSection
	GlobalSection(NestedProjects) = preSolution
		{A78FB21F-93D1-400E-B25D-A43FEA666852} = {59FF135E-FC21-4E90-9CA8-1244DC45862C}
		{7543818F-048C-4D7C-B7AD-1C8FD35A94E5} = {59FF135E-FC21-4E90-9CA8-1244DC45862C}
		{C0B6D922-01AC-4CF3-9E75-0343EE16C2D2} = {59FF135E-FC21-4E90-9CA8-1244DC45862C}
		{6D63A3DB-B19E-4655-AA7E-2A8C30A072EB} = {DF93480A-F69C-4B64-AED4-AA5BD21FB401}
		{40C998C1-413A-480D-A02E-F7136F0A4F89} = {DF93480A-F69C-4B64-AED4-AA5BD21FB401}
		{3D162569-B5D9-4F36-9BCC-5441A64827F9} = {40C998C1-413A-480D-A02E-F7136F0A4F89}
		{EF2EEA18-FEE9-495A-BB68-E5985EB3E918} = {DF93480A-F69C-4B64-AED4-AA5BD21FB401}
		{0E71A0CF-C255-4402-90A7-9B8E4F7E01FC} = {DF93480A-F69C-4B64-AED4-AA5BD21FB401}
		{9CDBAD5F-205A-49EB-9362-A9FA14558385} = {0E71A0CF-C255-4402-90A7-9B8E4F7E01FC}
		{EB814818-72C5-48A0-A20B-A2460CE432F6} = {0E71A0CF-C255-4402-90A7-9B8E4F7E01FC}
		{DE593D41-0B82-4766-A2C9-747C57A9644D} = {0E71A0CF-C255-4402-90A7-9B8E4F7E01FC}
	EndGlobalSection
	GlobalSection(ExtensibilityGlobals) = postSolution
		SolutionGuid = {4E99287A-4CE9-4647-96B8-ABF0B8B504EA}
	EndGlobalSection
EndGlobal
