
Microsoft Visual Studio Solution File, Format Version 12.00
# Visual Studio Version 16
VisualStudioVersion = 16.0.28729.10
MinimumVisualStudioVersion = 10.0.40219.1
Project("{9A19103F-16F7-4668-BE54-9A1E7A4F7556}") = "LibDemocraV", "LibDemocraV\LibDemocraV.csproj", "{DC5C3A9E-E24D-46BD-A045-E4436A43AB6E}"
EndProject
Project("{9A19103F-16F7-4668-BE54-9A1E7A4F7556}") = "UnitTests", "UnitTests\UnitTests.csproj", "{1BD9E0AC-0BCD-4A30-8678-B0F96BEB1649}"
EndProject
Project("{9A19103F-16F7-4668-BE54-9A1E7A4F7556}") = "TidemansAlternativeTabulator", "Tabulators\TidemansAlternativeTabulator\TidemansAlternativeTabulator.csproj", "{A78FB21F-93D1-400E-B25D-A43FEA666852}"
EndProject
Project("{9A19103F-16F7-4668-BE54-9A1E7A4F7556}") = "InstantRunoffVotingTabulator", "Tabulators\InstantRunoffVotingTabulator\InstantRunoffVotingTabulator.csproj", "{7543818F-048C-4D7C-B7AD-1C8FD35A94E5}"
EndProject
Project("{2150E333-8FDC-42A3-9474-1A3956D46DE8}") = "Solution Items", "Solution Items", "{65B2C6BB-7613-4D07-AC30-60A939FFF306}"
	ProjectSection(SolutionItems) = preProject
		LICENSE.md = LICENSE.md
	EndProjectSection
EndProject
Project("{9A19103F-16F7-4668-BE54-9A1E7A4F7556}") = "MeekSTVTabulator", "Tabulators\MeekSTVTabulator\MeekSTVTabulator.csproj", "{C0B6D922-01AC-4CF3-9E75-0343EE16C2D2}"
EndProject
Project("{9A19103F-16F7-4668-BE54-9A1E7A4F7556}") = "RankedChoiceVoting", "Extensions\RankedChoiceVoting\RankedChoiceVoting.csproj", "{6D63A3DB-B19E-4655-AA7E-2A8C30A072EB}"
EndProject
Project("{2150E333-8FDC-42A3-9474-1A3956D46DE8}") = "Tabulators", "Tabulators", "{59FF135E-FC21-4E90-9CA8-1244DC45862C}"
EndProject
Project("{2150E333-8FDC-42A3-9474-1A3956D46DE8}") = "Storage", "Storage", "{A295CC6F-E5B3-4F3E-BB59-8639470CBD59}"
EndProject
Project("{9A19103F-16F7-4668-BE54-9A1E7A4F7556}") = "ReadableBallotFormat", "Storage\ReadableBallotFormat\ReadableBallotFormat.csproj", "{49E93780-2C1A-43B0-A6C8-E2B656B36669}"
EndProject
Project("{2150E333-8FDC-42A3-9474-1A3956D46DE8}") = "Extensions", "Extensions", "{DF93480A-F69C-4B64-AED4-AA5BD21FB401}"
EndProject
Project("{2150E333-8FDC-42A3-9474-1A3956D46DE8}") = "Tiebreakers", "Tiebreakers", "{40C998C1-413A-480D-A02E-F7136F0A4F89}"
EndProject
Project("{9A19103F-16F7-4668-BE54-9A1E7A4F7556}") = "FirstDifference", "Extensions\Tiebreakers\FirstDifference\FirstDifference.csproj", "{3D162569-B5D9-4F36-9BCC-5441A64827F9}"
EndProject
Project("{FAE04EC0-301F-11D3-BF4B-00C04F79EFBC}") = "SingleTransferableVote", "SingleTransferableVote\SingleTransferableVote.csproj", "{EF2EEA18-FEE9-495A-BB68-E5985EB3E918}"
EndProject
Global
	GlobalSection(SolutionConfigurationPlatforms) = preSolution
		Debug|Any CPU = Debug|Any CPU
		Release|Any CPU = Release|Any CPU
	EndGlobalSection
	GlobalSection(ProjectConfigurationPlatforms) = postSolution
		{DC5C3A9E-E24D-46BD-A045-E4436A43AB6E}.Debug|Any CPU.ActiveCfg = Debug|Any CPU
		{DC5C3A9E-E24D-46BD-A045-E4436A43AB6E}.Debug|Any CPU.Build.0 = Debug|Any CPU
		{DC5C3A9E-E24D-46BD-A045-E4436A43AB6E}.Release|Any CPU.ActiveCfg = Release|Any CPU
		{DC5C3A9E-E24D-46BD-A045-E4436A43AB6E}.Release|Any CPU.Build.0 = Release|Any CPU
		{1BD9E0AC-0BCD-4A30-8678-B0F96BEB1649}.Debug|Any CPU.ActiveCfg = Debug|Any CPU
		{1BD9E0AC-0BCD-4A30-8678-B0F96BEB1649}.Debug|Any CPU.Build.0 = Debug|Any CPU
		{1BD9E0AC-0BCD-4A30-8678-B0F96BEB1649}.Release|Any CPU.ActiveCfg = Release|Any CPU
		{1BD9E0AC-0BCD-4A30-8678-B0F96BEB1649}.Release|Any CPU.Build.0 = Release|Any CPU
		{A78FB21F-93D1-400E-B25D-A43FEA666852}.Debug|Any CPU.ActiveCfg = Debug|Any CPU
		{A78FB21F-93D1-400E-B25D-A43FEA666852}.Debug|Any CPU.Build.0 = Debug|Any CPU
		{A78FB21F-93D1-400E-B25D-A43FEA666852}.Release|Any CPU.ActiveCfg = Release|Any CPU
		{A78FB21F-93D1-400E-B25D-A43FEA666852}.Release|Any CPU.Build.0 = Release|Any CPU
		{7543818F-048C-4D7C-B7AD-1C8FD35A94E5}.Debug|Any CPU.ActiveCfg = Debug|Any CPU
		{7543818F-048C-4D7C-B7AD-1C8FD35A94E5}.Debug|Any CPU.Build.0 = Debug|Any CPU
		{7543818F-048C-4D7C-B7AD-1C8FD35A94E5}.Release|Any CPU.ActiveCfg = Release|Any CPU
		{7543818F-048C-4D7C-B7AD-1C8FD35A94E5}.Release|Any CPU.Build.0 = Release|Any CPU
		{C0B6D922-01AC-4CF3-9E75-0343EE16C2D2}.Debug|Any CPU.ActiveCfg = Debug|Any CPU
		{C0B6D922-01AC-4CF3-9E75-0343EE16C2D2}.Debug|Any CPU.Build.0 = Debug|Any CPU
		{C0B6D922-01AC-4CF3-9E75-0343EE16C2D2}.Release|Any CPU.ActiveCfg = Release|Any CPU
		{C0B6D922-01AC-4CF3-9E75-0343EE16C2D2}.Release|Any CPU.Build.0 = Release|Any CPU
		{6D63A3DB-B19E-4655-AA7E-2A8C30A072EB}.Debug|Any CPU.ActiveCfg = Debug|Any CPU
		{6D63A3DB-B19E-4655-AA7E-2A8C30A072EB}.Debug|Any CPU.Build.0 = Debug|Any CPU
		{6D63A3DB-B19E-4655-AA7E-2A8C30A072EB}.Release|Any CPU.ActiveCfg = Release|Any CPU
		{6D63A3DB-B19E-4655-AA7E-2A8C30A072EB}.Release|Any CPU.Build.0 = Release|Any CPU
		{49E93780-2C1A-43B0-A6C8-E2B656B36669}.Debug|Any CPU.ActiveCfg = Debug|Any CPU
		{49E93780-2C1A-43B0-A6C8-E2B656B36669}.Debug|Any CPU.Build.0 = Debug|Any CPU
		{49E93780-2C1A-43B0-A6C8-E2B656B36669}.Release|Any CPU.ActiveCfg = Release|Any CPU
		{49E93780-2C1A-43B0-A6C8-E2B656B36669}.Release|Any CPU.Build.0 = Release|Any CPU
		{3D162569-B5D9-4F36-9BCC-5441A64827F9}.Debug|Any CPU.ActiveCfg = Debug|Any CPU
		{3D162569-B5D9-4F36-9BCC-5441A64827F9}.Debug|Any CPU.Build.0 = Debug|Any CPU
		{3D162569-B5D9-4F36-9BCC-5441A64827F9}.Release|Any CPU.ActiveCfg = Release|Any CPU
		{3D162569-B5D9-4F36-9BCC-5441A64827F9}.Release|Any CPU.Build.0 = Release|Any CPU
		{EF2EEA18-FEE9-495A-BB68-E5985EB3E918}.Debug|Any CPU.ActiveCfg = Debug|Any CPU
		{EF2EEA18-FEE9-495A-BB68-E5985EB3E918}.Debug|Any CPU.Build.0 = Debug|Any CPU
		{EF2EEA18-FEE9-495A-BB68-E5985EB3E918}.Release|Any CPU.ActiveCfg = Release|Any CPU
		{EF2EEA18-FEE9-495A-BB68-E5985EB3E918}.Release|Any CPU.Build.0 = Release|Any CPU
	EndGlobalSection
	GlobalSection(SolutionProperties) = preSolution
		HideSolutionNode = FALSE
	EndGlobalSection
	GlobalSection(NestedProjects) = preSolution
		{A78FB21F-93D1-400E-B25D-A43FEA666852} = {59FF135E-FC21-4E90-9CA8-1244DC45862C}
		{7543818F-048C-4D7C-B7AD-1C8FD35A94E5} = {59FF135E-FC21-4E90-9CA8-1244DC45862C}
		{C0B6D922-01AC-4CF3-9E75-0343EE16C2D2} = {59FF135E-FC21-4E90-9CA8-1244DC45862C}
		{6D63A3DB-B19E-4655-AA7E-2A8C30A072EB} = {DF93480A-F69C-4B64-AED4-AA5BD21FB401}
		{49E93780-2C1A-43B0-A6C8-E2B656B36669} = {A295CC6F-E5B3-4F3E-BB59-8639470CBD59}
		{40C998C1-413A-480D-A02E-F7136F0A4F89} = {DF93480A-F69C-4B64-AED4-AA5BD21FB401}
		{3D162569-B5D9-4F36-9BCC-5441A64827F9} = {40C998C1-413A-480D-A02E-F7136F0A4F89}
		{EF2EEA18-FEE9-495A-BB68-E5985EB3E918} = {DF93480A-F69C-4B64-AED4-AA5BD21FB401}
	EndGlobalSection
	GlobalSection(ExtensibilityGlobals) = postSolution
		SolutionGuid = {4E99287A-4CE9-4647-96B8-ABF0B8B504EA}
	EndGlobalSection
EndGlobal
